// !$*UTF8*$!
{
	archiveVersion = 1;
	classes = {
	};
	objectVersion = 50;
	objects = {

/* Begin PBXBuildFile section */
		5B51D3BD25CA754700DFF779 /* scary.mp3 in Resources */ = {isa = PBXBuildFile; fileRef = 5B51D3BC25CA754700DFF779 /* scary.mp3 */; };
		5B64D59325C9274300CC7A52 /* GameStartViewController.swift in Sources */ = {isa = PBXBuildFile; fileRef = 5B64D59225C9274300CC7A52 /* GameStartViewController.swift */; };
		5B64D59D25C9598700CC7A52 /* AddBackground.swift in Sources */ = {isa = PBXBuildFile; fileRef = 5B64D59C25C9598700CC7A52 /* AddBackground.swift */; };
		5B64D5A725C97D3800CC7A52 /* JKAudioPlayer.swift in Sources */ = {isa = PBXBuildFile; fileRef = 5B64D5A625C97D3800CC7A52 /* JKAudioPlayer.swift */; };
		5B75E64F25CA3A6C0091DA1D /* title1.mp3 in Resources */ = {isa = PBXBuildFile; fileRef = 5B75E64E25CA3A6C0091DA1D /* title1.mp3 */; };
		5B75E65225CA3E000091DA1D /* hit.mp3 in Resources */ = {isa = PBXBuildFile; fileRef = 5B75E65125CA3E000091DA1D /* hit.mp3 */; };
		5B86F62A25C8FC040037D40C /* AppDelegate.swift in Sources */ = {isa = PBXBuildFile; fileRef = 5B86F62925C8FC040037D40C /* AppDelegate.swift */; };
		5B86F62C25C8FC040037D40C /* SceneDelegate.swift in Sources */ = {isa = PBXBuildFile; fileRef = 5B86F62B25C8FC040037D40C /* SceneDelegate.swift */; };
		5B86F62E25C8FC040037D40C /* ViewController.swift in Sources */ = {isa = PBXBuildFile; fileRef = 5B86F62D25C8FC040037D40C /* ViewController.swift */; };
		5B86F63125C8FC040037D40C /* Main.storyboard in Resources */ = {isa = PBXBuildFile; fileRef = 5B86F62F25C8FC040037D40C /* Main.storyboard */; };
		5B86F63325C8FC040037D40C /* Assets.xcassets in Resources */ = {isa = PBXBuildFile; fileRef = 5B86F63225C8FC040037D40C /* Assets.xcassets */; };
		5B86F63625C8FC040037D40C /* LaunchScreen.storyboard in Resources */ = {isa = PBXBuildFile; fileRef = 5B86F63425C8FC040037D40C /* LaunchScreen.storyboard */; };
		5B86F63F25C8FDD60037D40C /* StratViewController.swift in Sources */ = {isa = PBXBuildFile; fileRef = 5B86F63E25C8FDD60037D40C /* StratViewController.swift */; };
		5B86F64225C8FE6F0037D40C /* PositionViewController.swift in Sources */ = {isa = PBXBuildFile; fileRef = 5B86F64125C8FE6F0037D40C /* PositionViewController.swift */; };
		5B86F64525C904320037D40C /* position.csv in Resources */ = {isa = PBXBuildFile; fileRef = 5B86F64425C904320037D40C /* position.csv */; };
		5BAACF0825CA855E00B59857 /* FirstViewController.swift in Sources */ = {isa = PBXBuildFile; fileRef = 5BAACF0725CA855E00B59857 /* FirstViewController.swift */; };
		5BAACF0B25CA9AB700B59857 /* UITextField+maxLength.swift in Sources */ = {isa = PBXBuildFile; fileRef = 5BAACF0A25CA9AB700B59857 /* UITextField+maxLength.swift */; };
		5BAACF0F25CA9B3500B59857 /* UIViewController+hideKeybord.swift in Sources */ = {isa = PBXBuildFile; fileRef = 5BAACF0E25CA9B3500B59857 /* UIViewController+hideKeybord.swift */; };
		5BAACF1225CA9B9B00B59857 /* UIImage+resizeImage.swift in Sources */ = {isa = PBXBuildFile; fileRef = 5BAACF1125CA9B9B00B59857 /* UIImage+resizeImage.swift */; };
		5BAACF1625CB75C100B59857 /* talking.mp3 in Resources */ = {isa = PBXBuildFile; fileRef = 5BAACF1525CB75C100B59857 /* talking.mp3 */; };
		5BAACF1925CB975600B59857 /* laugh.mp3 in Resources */ = {isa = PBXBuildFile; fileRef = 5BAACF1825CB975600B59857 /* laugh.mp3 */; };
/* End PBXBuildFile section */

/* Begin PBXFileReference section */
		5B51D3BC25CA754700DFF779 /* scary.mp3 */ = {isa = PBXFileReference; lastKnownFileType = audio.mp3; name = scary.mp3; path = ../../../../Music/Logic/Bounces/game/scary.mp3; sourceTree = "<group>"; };
		5B64D59225C9274300CC7A52 /* GameStartViewController.swift */ = {isa = PBXFileReference; lastKnownFileType = sourcecode.swift; path = GameStartViewController.swift; sourceTree = "<group>"; };
		5B64D59C25C9598700CC7A52 /* AddBackground.swift */ = {isa = PBXFileReference; lastKnownFileType = sourcecode.swift; path = AddBackground.swift; sourceTree = "<group>"; };
		5B64D5A625C97D3800CC7A52 /* JKAudioPlayer.swift */ = {isa = PBXFileReference; lastKnownFileType = sourcecode.swift; path = JKAudioPlayer.swift; sourceTree = "<group>"; };
		5B75E64E25CA3A6C0091DA1D /* title1.mp3 */ = {isa = PBXFileReference; lastKnownFileType = audio.mp3; name = title1.mp3; path = ../../../../Music/Logic/Bounces/game/title1.mp3; sourceTree = "<group>"; };
		5B75E65125CA3E000091DA1D /* hit.mp3 */ = {isa = PBXFileReference; lastKnownFileType = audio.mp3; name = hit.mp3; path = ../../../../Music/Logic/Bounces/game/hit.mp3; sourceTree = "<group>"; };
		5B86F62625C8FC040037D40C /* BlackWhisper.app */ = {isa = PBXFileReference; explicitFileType = wrapper.application; includeInIndex = 0; path = BlackWhisper.app; sourceTree = BUILT_PRODUCTS_DIR; };
		5B86F62925C8FC040037D40C /* AppDelegate.swift */ = {isa = PBXFileReference; lastKnownFileType = sourcecode.swift; path = AppDelegate.swift; sourceTree = "<group>"; };
		5B86F62B25C8FC040037D40C /* SceneDelegate.swift */ = {isa = PBXFileReference; lastKnownFileType = sourcecode.swift; path = SceneDelegate.swift; sourceTree = "<group>"; };
		5B86F62D25C8FC040037D40C /* ViewController.swift */ = {isa = PBXFileReference; lastKnownFileType = sourcecode.swift; path = ViewController.swift; sourceTree = "<group>"; };
		5B86F63025C8FC040037D40C /* Base */ = {isa = PBXFileReference; lastKnownFileType = file.storyboard; name = Base; path = Base.lproj/Main.storyboard; sourceTree = "<group>"; };
		5B86F63225C8FC040037D40C /* Assets.xcassets */ = {isa = PBXFileReference; lastKnownFileType = folder.assetcatalog; path = Assets.xcassets; sourceTree = "<group>"; };
		5B86F63525C8FC040037D40C /* Base */ = {isa = PBXFileReference; lastKnownFileType = file.storyboard; name = Base; path = Base.lproj/LaunchScreen.storyboard; sourceTree = "<group>"; };
		5B86F63725C8FC040037D40C /* Info.plist */ = {isa = PBXFileReference; lastKnownFileType = text.plist.xml; path = Info.plist; sourceTree = "<group>"; };
		5B86F63E25C8FDD60037D40C /* StratViewController.swift */ = {isa = PBXFileReference; lastKnownFileType = sourcecode.swift; path = StratViewController.swift; sourceTree = "<group>"; };
		5B86F64125C8FE6F0037D40C /* PositionViewController.swift */ = {isa = PBXFileReference; lastKnownFileType = sourcecode.swift; path = PositionViewController.swift; sourceTree = "<group>"; };
		5B86F64425C904320037D40C /* position.csv */ = {isa = PBXFileReference; lastKnownFileType = text; path = position.csv; sourceTree = "<group>"; };
		5BAACF0725CA855E00B59857 /* FirstViewController.swift */ = {isa = PBXFileReference; lastKnownFileType = sourcecode.swift; path = FirstViewController.swift; sourceTree = "<group>"; };
		5BAACF0A25CA9AB700B59857 /* UITextField+maxLength.swift */ = {isa = PBXFileReference; lastKnownFileType = sourcecode.swift; path = "UITextField+maxLength.swift"; sourceTree = "<group>"; };
		5BAACF0E25CA9B3500B59857 /* UIViewController+hideKeybord.swift */ = {isa = PBXFileReference; lastKnownFileType = sourcecode.swift; path = "UIViewController+hideKeybord.swift"; sourceTree = "<group>"; };
		5BAACF1125CA9B9B00B59857 /* UIImage+resizeImage.swift */ = {isa = PBXFileReference; lastKnownFileType = sourcecode.swift; path = "UIImage+resizeImage.swift"; sourceTree = "<group>"; };
		5BAACF1525CB75C100B59857 /* talking.mp3 */ = {isa = PBXFileReference; lastKnownFileType = audio.mp3; name = talking.mp3; path = ../../../../Music/Logic/Bounces/game/talking.mp3; sourceTree = "<group>"; };
		5BAACF1825CB975600B59857 /* laugh.mp3 */ = {isa = PBXFileReference; lastKnownFileType = audio.mp3; name = laugh.mp3; path = ../../../../Music/Logic/Bounces/game/laugh.mp3; sourceTree = "<group>"; };
/* End PBXFileReference section */

/* Begin PBXFrameworksBuildPhase section */
		5B86F62325C8FC040037D40C /* Frameworks */ = {
			isa = PBXFrameworksBuildPhase;
			buildActionMask = 2147483647;
			files = (
			);
			runOnlyForDeploymentPostprocessing = 0;
		};
/* End PBXFrameworksBuildPhase section */

/* Begin PBXGroup section */
		5B75E64D25CA3A490091DA1D /* Resources */ = {
			isa = PBXGroup;
			children = (
				5BAACF1825CB975600B59857 /* laugh.mp3 */,
				5BAACF1525CB75C100B59857 /* talking.mp3 */,
				5B51D3BC25CA754700DFF779 /* scary.mp3 */,
				5B75E65125CA3E000091DA1D /* hit.mp3 */,
				5B75E64E25CA3A6C0091DA1D /* title1.mp3 */,
			);
			path = Resources;
			sourceTree = "<group>";
		};
		5B86F61D25C8FC040037D40C = {
			isa = PBXGroup;
			children = (
				5B86F62825C8FC040037D40C /* BlackWhisper */,
				5B86F62725C8FC040037D40C /* Products */,
			);
			sourceTree = "<group>";
		};
		5B86F62725C8FC040037D40C /* Products */ = {
			isa = PBXGroup;
			children = (
				5B86F62625C8FC040037D40C /* BlackWhisper.app */,
			);
			name = Products;
			sourceTree = "<group>";
		};
		5B86F62825C8FC040037D40C /* BlackWhisper */ = {
			isa = PBXGroup;
			children = (
				5BAACF1B25CB994000B59857 /* GameScene */,
				5BAACF0D25CA9AF200B59857 /* Extensions */,
				5B75E64D25CA3A490091DA1D /* Resources */,
				5B64D5A625C97D3800CC7A52 /* JKAudioPlayer.swift */,
				5B64D59C25C9598700CC7A52 /* AddBackground.swift */,
				5B86F64725C9070C0037D40C /* position */,
				5B86F62925C8FC040037D40C /* AppDelegate.swift */,
				5B86F62B25C8FC040037D40C /* SceneDelegate.swift */,
				5B86F62D25C8FC040037D40C /* ViewController.swift */,
				5B86F62F25C8FC040037D40C /* Main.storyboard */,
				5B64D59225C9274300CC7A52 /* GameStartViewController.swift */,
				5B86F64125C8FE6F0037D40C /* PositionViewController.swift */,
				5B86F63E25C8FDD60037D40C /* StratViewController.swift */,
				5B86F63225C8FC040037D40C /* Assets.xcassets */,
				5B86F63425C8FC040037D40C /* LaunchScreen.storyboard */,
				5B86F63725C8FC040037D40C /* Info.plist */,
			);
			path = BlackWhisper;
			sourceTree = "<group>";
		};
		5B86F64725C9070C0037D40C /* position */ = {
			isa = PBXGroup;
			children = (
				5B86F64425C904320037D40C /* position.csv */,
			);
			path = position;
			sourceTree = "<group>";
		};
		5BAACF0D25CA9AF200B59857 /* Extensions */ = {
			isa = PBXGroup;
			children = (
				5BAACF0A25CA9AB700B59857 /* UITextField+maxLength.swift */,
				5BAACF0E25CA9B3500B59857 /* UIViewController+hideKeybord.swift */,
				5BAACF1125CA9B9B00B59857 /* UIImage+resizeImage.swift */,
			);
			path = Extensions;
			sourceTree = "<group>";
		};
		5BAACF1B25CB994000B59857 /* GameScene */ = {
			isa = PBXGroup;
			children = (
				5BAACF0725CA855E00B59857 /* FirstViewController.swift */,
			);
			path = GameScene;
			sourceTree = "<group>";
		};
/* End PBXGroup section */

/* Begin PBXNativeTarget section */
		5B86F62525C8FC040037D40C /* BlackWhisper */ = {
			isa = PBXNativeTarget;
			buildConfigurationList = 5B86F63A25C8FC040037D40C /* Build configuration list for PBXNativeTarget "BlackWhisper" */;
			buildPhases = (
				5B86F62225C8FC040037D40C /* Sources */,
				5B86F62325C8FC040037D40C /* Frameworks */,
				5B86F62425C8FC040037D40C /* Resources */,
			);
			buildRules = (
			);
			dependencies = (
			);
			name = BlackWhisper;
			productName = BlackWhisper;
			productReference = 5B86F62625C8FC040037D40C /* BlackWhisper.app */;
			productType = "com.apple.product-type.application";
		};
/* End PBXNativeTarget section */

/* Begin PBXProject section */
		5B86F61E25C8FC040037D40C /* Project object */ = {
			isa = PBXProject;
			attributes = {
				LastSwiftUpdateCheck = 1240;
				LastUpgradeCheck = 1240;
				TargetAttributes = {
					5B86F62525C8FC040037D40C = {
						CreatedOnToolsVersion = 12.4;
					};
				};
			};
			buildConfigurationList = 5B86F62125C8FC040037D40C /* Build configuration list for PBXProject "BlackWhisper" */;
			compatibilityVersion = "Xcode 9.3";
			developmentRegion = en;
			hasScannedForEncodings = 0;
			knownRegions = (
				en,
				Base,
			);
			mainGroup = 5B86F61D25C8FC040037D40C;
			productRefGroup = 5B86F62725C8FC040037D40C /* Products */;
			projectDirPath = "";
			projectRoot = "";
			targets = (
				5B86F62525C8FC040037D40C /* BlackWhisper */,
			);
		};
/* End PBXProject section */

/* Begin PBXResourcesBuildPhase section */
		5B86F62425C8FC040037D40C /* Resources */ = {
			isa = PBXResourcesBuildPhase;
			buildActionMask = 2147483647;
			files = (
				5B75E65225CA3E000091DA1D /* hit.mp3 in Resources */,
				5B86F63625C8FC040037D40C /* LaunchScreen.storyboard in Resources */,
				5BAACF1925CB975600B59857 /* laugh.mp3 in Resources */,
				5B86F63325C8FC040037D40C /* Assets.xcassets in Resources */,
				5BAACF1625CB75C100B59857 /* talking.mp3 in Resources */,
				5B86F63125C8FC040037D40C /* Main.storyboard in Resources */,
				5B51D3BD25CA754700DFF779 /* scary.mp3 in Resources */,
				5B75E64F25CA3A6C0091DA1D /* title1.mp3 in Resources */,
				5B86F64525C904320037D40C /* position.csv in Resources */,
			);
			runOnlyForDeploymentPostprocessing = 0;
		};
/* End PBXResourcesBuildPhase section */

/* Begin PBXSourcesBuildPhase section */
		5B86F62225C8FC040037D40C /* Sources */ = {
			isa = PBXSourcesBuildPhase;
			buildActionMask = 2147483647;
			files = (
				5BAACF0825CA855E00B59857 /* FirstViewController.swift in Sources */,
				5B86F62E25C8FC040037D40C /* ViewController.swift in Sources */,
				5B86F63F25C8FDD60037D40C /* StratViewController.swift in Sources */,
				5B64D59D25C9598700CC7A52 /* AddBackground.swift in Sources */,
				5B64D5A725C97D3800CC7A52 /* JKAudioPlayer.swift in Sources */,
				5B86F64225C8FE6F0037D40C /* PositionViewController.swift in Sources */,
				5B64D59325C9274300CC7A52 /* GameStartViewController.swift in Sources */,
				5B86F62A25C8FC040037D40C /* AppDelegate.swift in Sources */,
				5BAACF0F25CA9B3500B59857 /* UIViewController+hideKeybord.swift in Sources */,
				5BAACF1225CA9B9B00B59857 /* UIImage+resizeImage.swift in Sources */,
				5BAACF0B25CA9AB700B59857 /* UITextField+maxLength.swift in Sources */,
				5B86F62C25C8FC040037D40C /* SceneDelegate.swift in Sources */,
			);
			runOnlyForDeploymentPostprocessing = 0;
		};
/* End PBXSourcesBuildPhase section */

/* Begin PBXVariantGroup section */
		5B86F62F25C8FC040037D40C /* Main.storyboard */ = {
			isa = PBXVariantGroup;
			children = (
				5B86F63025C8FC040037D40C /* Base */,
			);
			name = Main.storyboard;
			sourceTree = "<group>";
		};
		5B86F63425C8FC040037D40C /* LaunchScreen.storyboard */ = {
			isa = PBXVariantGroup;
			children = (
				5B86F63525C8FC040037D40C /* Base */,
			);
			name = LaunchScreen.storyboard;
			sourceTree = "<group>";
		};
/* End PBXVariantGroup section */

/* Begin XCBuildConfiguration section */
		5B86F63825C8FC040037D40C /* Debug */ = {
			isa = XCBuildConfiguration;
			buildSettings = {
				ALWAYS_SEARCH_USER_PATHS = NO;
				CLANG_ANALYZER_NONNULL = YES;
				CLANG_ANALYZER_NUMBER_OBJECT_CONVERSION = YES_AGGRESSIVE;
				CLANG_CXX_LANGUAGE_STANDARD = "gnu++14";
				CLANG_CXX_LIBRARY = "libc++";
				CLANG_ENABLE_MODULES = YES;
				CLANG_ENABLE_OBJC_ARC = YES;
				CLANG_ENABLE_OBJC_WEAK = YES;
				CLANG_WARN_BLOCK_CAPTURE_AUTORELEASING = YES;
				CLANG_WARN_BOOL_CONVERSION = YES;
				CLANG_WARN_COMMA = YES;
				CLANG_WARN_CONSTANT_CONVERSION = YES;
				CLANG_WARN_DEPRECATED_OBJC_IMPLEMENTATIONS = YES;
				CLANG_WARN_DIRECT_OBJC_ISA_USAGE = YES_ERROR;
				CLANG_WARN_DOCUMENTATION_COMMENTS = YES;
				CLANG_WARN_EMPTY_BODY = YES;
				CLANG_WARN_ENUM_CONVERSION = YES;
				CLANG_WARN_INFINITE_RECURSION = YES;
				CLANG_WARN_INT_CONVERSION = YES;
				CLANG_WARN_NON_LITERAL_NULL_CONVERSION = YES;
				CLANG_WARN_OBJC_IMPLICIT_RETAIN_SELF = YES;
				CLANG_WARN_OBJC_LITERAL_CONVERSION = YES;
				CLANG_WARN_OBJC_ROOT_CLASS = YES_ERROR;
				CLANG_WARN_QUOTED_INCLUDE_IN_FRAMEWORK_HEADER = YES;
				CLANG_WARN_RANGE_LOOP_ANALYSIS = YES;
				CLANG_WARN_STRICT_PROTOTYPES = YES;
				CLANG_WARN_SUSPICIOUS_MOVE = YES;
				CLANG_WARN_UNGUARDED_AVAILABILITY = YES_AGGRESSIVE;
				CLANG_WARN_UNREACHABLE_CODE = YES;
				CLANG_WARN__DUPLICATE_METHOD_MATCH = YES;
				COPY_PHASE_STRIP = NO;
				DEBUG_INFORMATION_FORMAT = dwarf;
				ENABLE_STRICT_OBJC_MSGSEND = YES;
				ENABLE_TESTABILITY = YES;
				GCC_C_LANGUAGE_STANDARD = gnu11;
				GCC_DYNAMIC_NO_PIC = NO;
				GCC_NO_COMMON_BLOCKS = YES;
				GCC_OPTIMIZATION_LEVEL = 0;
				GCC_PREPROCESSOR_DEFINITIONS = (
					"DEBUG=1",
					"$(inherited)",
				);
				GCC_WARN_64_TO_32_BIT_CONVERSION = YES;
				GCC_WARN_ABOUT_RETURN_TYPE = YES_ERROR;
				GCC_WARN_UNDECLARED_SELECTOR = YES;
				GCC_WARN_UNINITIALIZED_AUTOS = YES_AGGRESSIVE;
				GCC_WARN_UNUSED_FUNCTION = YES;
				GCC_WARN_UNUSED_VARIABLE = YES;
				IPHONEOS_DEPLOYMENT_TARGET = 14.4;
				MTL_ENABLE_DEBUG_INFO = INCLUDE_SOURCE;
				MTL_FAST_MATH = YES;
				ONLY_ACTIVE_ARCH = YES;
				SDKROOT = iphoneos;
				SWIFT_ACTIVE_COMPILATION_CONDITIONS = DEBUG;
				SWIFT_OPTIMIZATION_LEVEL = "-Onone";
			};
			name = Debug;
		};
		5B86F63925C8FC040037D40C /* Release */ = {
			isa = XCBuildConfiguration;
			buildSettings = {
				ALWAYS_SEARCH_USER_PATHS = NO;
				CLANG_ANALYZER_NONNULL = YES;
				CLANG_ANALYZER_NUMBER_OBJECT_CONVERSION = YES_AGGRESSIVE;
				CLANG_CXX_LANGUAGE_STANDARD = "gnu++14";
				CLANG_CXX_LIBRARY = "libc++";
				CLANG_ENABLE_MODULES = YES;
				CLANG_ENABLE_OBJC_ARC = YES;
				CLANG_ENABLE_OBJC_WEAK = YES;
				CLANG_WARN_BLOCK_CAPTURE_AUTORELEASING = YES;
				CLANG_WARN_BOOL_CONVERSION = YES;
				CLANG_WARN_COMMA = YES;
				CLANG_WARN_CONSTANT_CONVERSION = YES;
				CLANG_WARN_DEPRECATED_OBJC_IMPLEMENTATIONS = YES;
				CLANG_WARN_DIRECT_OBJC_ISA_USAGE = YES_ERROR;
				CLANG_WARN_DOCUMENTATION_COMMENTS = YES;
				CLANG_WARN_EMPTY_BODY = YES;
				CLANG_WARN_ENUM_CONVERSION = YES;
				CLANG_WARN_INFINITE_RECURSION = YES;
				CLANG_WARN_INT_CONVERSION = YES;
				CLANG_WARN_NON_LITERAL_NULL_CONVERSION = YES;
				CLANG_WARN_OBJC_IMPLICIT_RETAIN_SELF = YES;
				CLANG_WARN_OBJC_LITERAL_CONVERSION = YES;
				CLANG_WARN_OBJC_ROOT_CLASS = YES_ERROR;
				CLANG_WARN_QUOTED_INCLUDE_IN_FRAMEWORK_HEADER = YES;
				CLANG_WARN_RANGE_LOOP_ANALYSIS = YES;
				CLANG_WARN_STRICT_PROTOTYPES = YES;
				CLANG_WARN_SUSPICIOUS_MOVE = YES;
				CLANG_WARN_UNGUARDED_AVAILABILITY = YES_AGGRESSIVE;
				CLANG_WARN_UNREACHABLE_CODE = YES;
				CLANG_WARN__DUPLICATE_METHOD_MATCH = YES;
				COPY_PHASE_STRIP = NO;
				DEBUG_INFORMATION_FORMAT = "dwarf-with-dsym";
				ENABLE_NS_ASSERTIONS = NO;
				ENABLE_STRICT_OBJC_MSGSEND = YES;
				GCC_C_LANGUAGE_STANDARD = gnu11;
				GCC_NO_COMMON_BLOCKS = YES;
				GCC_WARN_64_TO_32_BIT_CONVERSION = YES;
				GCC_WARN_ABOUT_RETURN_TYPE = YES_ERROR;
				GCC_WARN_UNDECLARED_SELECTOR = YES;
				GCC_WARN_UNINITIALIZED_AUTOS = YES_AGGRESSIVE;
				GCC_WARN_UNUSED_FUNCTION = YES;
				GCC_WARN_UNUSED_VARIABLE = YES;
				IPHONEOS_DEPLOYMENT_TARGET = 14.4;
				MTL_ENABLE_DEBUG_INFO = NO;
				MTL_FAST_MATH = YES;
				SDKROOT = iphoneos;
				SWIFT_COMPILATION_MODE = wholemodule;
				SWIFT_OPTIMIZATION_LEVEL = "-O";
				VALIDATE_PRODUCT = YES;
			};
			name = Release;
		};
		5B86F63B25C8FC040037D40C /* Debug */ = {
			isa = XCBuildConfiguration;
			buildSettings = {
				ASSETCATALOG_COMPILER_APPICON_NAME = AppIcon;
				ASSETCATALOG_COMPILER_GLOBAL_ACCENT_COLOR_NAME = AccentColor;
				CODE_SIGN_STYLE = Automatic;
				DEVELOPMENT_TEAM = MUTVVS6U4N;
				INFOPLIST_FILE = BlackWhisper/Info.plist;
				LD_RUNPATH_SEARCH_PATHS = (
					"$(inherited)",
					"@executable_path/Frameworks",
				);
				PRODUCT_BUNDLE_IDENTIFIER = com.donkey.BlackWhisper;
				PRODUCT_NAME = "$(TARGET_NAME)";
				SWIFT_VERSION = 5.0;
				TARGETED_DEVICE_FAMILY = "1,2";
			};
			name = Debug;
		};
		5B86F63C25C8FC040037D40C /* Release */ = {
			isa = XCBuildConfiguration;
			buildSettings = {
				ASSETCATALOG_COMPILER_APPICON_NAME = AppIcon;
				ASSETCATALOG_COMPILER_GLOBAL_ACCENT_COLOR_NAME = AccentColor;
				CODE_SIGN_STYLE = Automatic;
				DEVELOPMENT_TEAM = MUTVVS6U4N;
				INFOPLIST_FILE = BlackWhisper/Info.plist;
				LD_RUNPATH_SEARCH_PATHS = (
					"$(inherited)",
					"@executable_path/Frameworks",
				);
				PRODUCT_BUNDLE_IDENTIFIER = com.donkey.BlackWhisper;
				PRODUCT_NAME = "$(TARGET_NAME)";
				SWIFT_VERSION = 5.0;
				TARGETED_DEVICE_FAMILY = "1,2";
			};
			name = Release;
		};
/* End XCBuildConfiguration section */

/* Begin XCConfigurationList section */
		5B86F62125C8FC040037D40C /* Build configuration list for PBXProject "BlackWhisper" */ = {
			isa = XCConfigurationList;
			buildConfigurations = (
				5B86F63825C8FC040037D40C /* Debug */,
				5B86F63925C8FC040037D40C /* Release */,
			);
			defaultConfigurationIsVisible = 0;
			defaultConfigurationName = Release;
		};
		5B86F63A25C8FC040037D40C /* Build configuration list for PBXNativeTarget "BlackWhisper" */ = {
			isa = XCConfigurationList;
			buildConfigurations = (
				5B86F63B25C8FC040037D40C /* Debug */,
				5B86F63C25C8FC040037D40C /* Release */,
			);
			defaultConfigurationIsVisible = 0;
			defaultConfigurationName = Release;
		};
/* End XCConfigurationList section */
	};
	rootObject = 5B86F61E25C8FC040037D40C /* Project object */;
}
